repository=https://github.com/opensource-apple/CF
commit=3cc41a76b1491f50813e28a4ec09954ffa359e6f
binary_path=CFBinaryPList.c
binary_sha256=8b8c72427ba60e7918f3ffa088d9f25859456eb75a0081ff5cdb7277ff62c384
xml_path=CFPropertyList.c
xml_sha256=ced92800b4651fc47e9a1f53626170c7c7324db50bf6740541fd56844b7bead3
license_path=APPLE_LICENSE
license_sha256=212846e0145aa50fb3a5aef254a370311a93acf6c1e792e47e0068d64c8c3885
format_header_path=ForFoundationOnly.h
format_header_sha256=937efef93f9f15807659816c3a5a50ce4a27631723086748cda3ae778c7b3219
date_path=CFDate.c
date_sha256=9e89926bb5569862295b02ec5b8fa0ca99c89259ca05c24ffaa3e4727d36b6fb
hardening_repository=https://github.com/swiftlang/swift-corelibs-foundation
hardening_commit=761b621da93a856a48995efc29ed11028c283306
hardening_binary_path=Sources/CoreFoundation/CFBinaryPList.c
hardening_binary_sha256=58741c5361b3eb7aec25b8700887ec8259bc64f31a489914ec3c44ab5d077415
hardening_xml_path=Sources/CoreFoundation/CFPropertyList.c
hardening_xml_sha256=23dbbff0c24488a65b7e61ce59f65d4c55b9e6a787c4be6300dfe28a3896de04
target_pointer_width=64
allocation_model=success
