saw_version=1.5.1
saw_commit=1f227d9d1d901629555b91ec54fc945e63326582
saw_version_commit=1f227d9
rust_toolchain=1.74.0
rust_llvm_version=17.0.4
clang_version=20.1.8
llvm_link_version=20.1.8
nixpkgs_commit=6b316287bae2ee04c9b93c8c858d930fd07d7338
z3_version=4.8.14
macos_arm64_asset=saw-1.5.1-macos-15-ARM64-with-solvers.tar.gz
macos_arm64_sha256=b4e8c850d91555e18ae6cf564d1de55c2afde6607b08102a319658ac978de861
linux_x86_64_asset=saw-1.5.1-ubuntu-22.04-X64-with-solvers.tar.gz
linux_x86_64_sha256=4f8bfc9fd701f7ed4c51f6178bff5c104b148833baca32f6cb1ade418db1ba9b
apple_commit=3cc41a76b1491f50813e28a4ec09954ffa359e6f
apple_binary_sha256=8b8c72427ba60e7918f3ffa088d9f25859456eb75a0081ff5cdb7277ff62c384
apple_get_sized_int_sha256=d0babe0d33085cfcd4e630b966ee440f701db675dc3c24faa5afc013a4e1a4d5
production_kernels_sha256=a78c3c14bbf28c557692abfbc5387a7080bc16048c0e805b9c4f12a52eb0dc96
target_pointer_width=64
c_optimization=1
rust_optimization=2
c_architecture_paths=generic,x86_64_aligned
